// !$*UTF8*$!
{
	archiveVersion = 1;
	classes = {
	};
	objectVersion = 50;
	objects = {

/* Begin PBXAggregateTarget section */
		8EE9CE902302A873000A5FB7 /* EvsSDKLipo */ = {
			isa = PBXAggregateTarget;
			buildConfigurationList = 8EE9CE932302A873000A5FB7 /* Build configuration list for PBXAggregateTarget "EvsSDKLipo" */;
			buildPhases = (
				8EE9CE942302A8A7000A5FB7 /* ShellScript */,
			);
			dependencies = (
			);
			name = EvsSDKLipo;
			productName = EvsSDKLipo;
		};
/* End PBXAggregateTarget section */

/* Begin PBXBuildFile section */
		8E0510FF22E83F3F002EF76D /* EVS+NSDictionary.m in Sources */ = {isa = PBXBuildFile; fileRef = 8E0510FE22E83F3F002EF76D /* EVS+NSDictionary.m */; };
		8E05110522E8415F002EF76D /* KeychainItemWrapper.m in Sources */ = {isa = PBXBuildFile; fileRef = 8E05110122E8415F002EF76D /* KeychainItemWrapper.m */; settings = {COMPILER_FLAGS = "-fno-objc-arc"; }; };
		8E05110622E8415F002EF76D /* EVSDeviceInfo.m in Sources */ = {isa = PBXBuildFile; fileRef = 8E05110322E8415F002EF76D /* EVSDeviceInfo.m */; };
		8E05110922E8483A002EF76D /* EVSApplication.m in Sources */ = {isa = PBXBuildFile; fileRef = 8E05110822E8483A002EF76D /* EVSApplication.m */; };
		8E05110E22E8576C002EF76D /* EVSAuthViewController.m in Sources */ = {isa = PBXBuildFile; fileRef = 8E05110C22E8576C002EF76D /* EVSAuthViewController.m */; };
		8E05111122E863DD002EF76D /* EVSColorUtils.m in Sources */ = {isa = PBXBuildFile; fileRef = 8E05111022E863DD002EF76D /* EVSColorUtils.m */; };
		8E16388F22FD173500C8590C /* EVSSystemException.m in Sources */ = {isa = PBXBuildFile; fileRef = 8E16388E22FD173500C8590C /* EVSSystemException.m */; };
		8E367BCA230109A00010B38B /* EVSFocusManager.m in Sources */ = {isa = PBXBuildFile; fileRef = 8E367BC9230109A00010B38B /* EVSFocusManager.m */; };
		8E42C6D22315174500CEA156 /* iflytek-wakeup.cpp in Sources */ = {isa = PBXBuildFile; fileRef = 8E42C6CA2315174400CEA156 /* iflytek-wakeup.cpp */; };
		8E42C6D32315174500CEA156 /* libw_ivw.a in Frameworks */ = {isa = PBXBuildFile; fileRef = 8E42C6CB2315174500CEA156 /* libw_ivw.a */; };
		8E45267022FC1A0B008C0AD8 /* EVSAudioPlayerTTS.h in CopyFiles */ = {isa = PBXBuildFile; fileRef = 8E5B6E7622FC1690000340E6 /* EVSAudioPlayerTTS.h */; };
		8E45267322FC1DAA008C0AD8 /* EVSSystemManager.m in Sources */ = {isa = PBXBuildFile; fileRef = 8E45267222FC1DAA008C0AD8 /* EVSSystemManager.m */; };
		8E52547922F174750072FBB1 /* EVS+EVSWebscoketManager.m in Sources */ = {isa = PBXBuildFile; fileRef = 8E52547822F174750072FBB1 /* EVS+EVSWebscoketManager.m */; };
		8E52547C22F1A89B0072FBB1 /* AudioOutputQueue.m in Sources */ = {isa = PBXBuildFile; fileRef = 8E52547B22F1A89B0072FBB1 /* AudioOutputQueue.m */; };
		8E52547F22F282330072FBB1 /* EVS+NSDate.m in Sources */ = {isa = PBXBuildFile; fileRef = 8E52547E22F282330072FBB1 /* EVS+NSDate.m */; };
		8E52548222F299620072FBB1 /* AudioOutputModel.m in Sources */ = {isa = PBXBuildFile; fileRef = 8E52548122F299620072FBB1 /* AudioOutputModel.m */; };
		8E5B6E7822FC1690000340E6 /* EVSAudioPlayerTTS.m in Sources */ = {isa = PBXBuildFile; fileRef = 8E5B6E7722FC1690000340E6 /* EVSAudioPlayerTTS.m */; };
		8E605FC722FBD56A004453D3 /* EVSAudioPlayer.h in CopyFiles */ = {isa = PBXBuildFile; fileRef = 8EA3F29E22FBC1AF00462F57 /* EVSAudioPlayer.h */; };
		8E6B9C8E22F2E9A500FC3D15 /* AudioSessionManager.m in Sources */ = {isa = PBXBuildFile; fileRef = 8E6B9C8D22F2E9A500FC3D15 /* AudioSessionManager.m */; };
		8E78E22322E7319E00D66258 /* EVSAuthManager.m in Sources */ = {isa = PBXBuildFile; fileRef = 8E78E22222E7319D00D66258 /* EVSAuthManager.m */; };
		8E78E22922E7348900D66258 /* IFLYOSHTTPRequest.m in Sources */ = {isa = PBXBuildFile; fileRef = 8E78E22622E7348900D66258 /* IFLYOSHTTPRequest.m */; };
		8E78E22A22E7348900D66258 /* IFLYOSDataModel.m in Sources */ = {isa = PBXBuildFile; fileRef = 8E78E22722E7348900D66258 /* IFLYOSDataModel.m */; };
		8E78E22D22E734D600D66258 /* EVSConfig.m in Sources */ = {isa = PBXBuildFile; fileRef = 8E78E22C22E734D600D66258 /* EVSConfig.m */; };
		8E78E23A22E80A3900D66258 /* EVSAuthModel.m in Sources */ = {isa = PBXBuildFile; fileRef = 8E78E23922E80A3900D66258 /* EVSAuthModel.m */; };
		8E78E23D22E80CE300D66258 /* EVS+NSData.m in Sources */ = {isa = PBXBuildFile; fileRef = 8E78E23C22E80CE300D66258 /* EVS+NSData.m */; };
		8E7ABE4323041EAE00E90851 /* EVS+EVSFocusManager.m in Sources */ = {isa = PBXBuildFile; fileRef = 8E7ABE4223041EAE00E90851 /* EVS+EVSFocusManager.m */; };
		8E80436322E725B90003FA93 /* EvsSDKForiOS.m in Sources */ = {isa = PBXBuildFile; fileRef = 8E80436222E725B90003FA93 /* EvsSDKForiOS.m */; };
		8E80436422E725B90003FA93 /* EvsSDKForiOS.h in CopyFiles */ = {isa = PBXBuildFile; fileRef = 8E80436122E725B90003FA93 /* EvsSDKForiOS.h */; };
		8E80439C22E72B6B0003FA93 /* EVSWebscoketManager.m in Sources */ = {isa = PBXBuildFile; fileRef = 8E80439B22E72B6B0003FA93 /* EVSWebscoketManager.m */; };
		8E89B92E22EEE6B7001C183F /* EVSHeaderProtocolModel.m in Sources */ = {isa = PBXBuildFile; fileRef = 8E89B92D22EEE6B7001C183F /* EVSHeaderProtocolModel.m */; };
		8E89B93122EEE6CA001C183F /* EVSContextProtocolModel.m in Sources */ = {isa = PBXBuildFile; fileRef = 8E89B93022EEE6CA001C183F /* EVSContextProtocolModel.m */; };
		8E89B93422EEF5A3001C183F /* EVSLocationManager.m in Sources */ = {isa = PBXBuildFile; fileRef = 8E89B93322EEF5A3001C183F /* EVSLocationManager.m */; };
		8E89B93622EEF645001C183F /* CoreLocation.framework in Frameworks */ = {isa = PBXBuildFile; fileRef = 8E89B93522EEF645001C183F /* CoreLocation.framework */; };
		8E8A778122FD194C00EA1FE0 /* EVSSystemException.h in CopyFiles */ = {isa = PBXBuildFile; fileRef = 8E16388D22FD173500C8590C /* EVSSystemException.h */; };
		8E8A778422FD20B000EA1FE0 /* EVSSystemStateSync.m in Sources */ = {isa = PBXBuildFile; fileRef = 8E8A778322FD20B000EA1FE0 /* EVSSystemStateSync.m */; };
		8E9ABB0622E8387E005340E6 /* EVS+NSString.m in Sources */ = {isa = PBXBuildFile; fileRef = 8E9ABB0522E8387E005340E6 /* EVS+NSString.m */; };
		8EA17EAE22F06D2400225714 /* EVSRecognizer.m in Sources */ = {isa = PBXBuildFile; fileRef = 8EA17EAD22F06D2400225714 /* EVSRecognizer.m */; };
		8EA17EB222F1411000225714 /* EVSBaseProtocolModel.m in Sources */ = {isa = PBXBuildFile; fileRef = 8EA17EB122F1411000225714 /* EVSBaseProtocolModel.m */; };
		8EA17EB322F1424000225714 /* EVSRequestHeader.h in CopyFiles */ = {isa = PBXBuildFile; fileRef = 8EA17EAF22F13DD600225714 /* EVSRequestHeader.h */; };
		8EA17EB422F143BE00225714 /* EVSRecognizer.h in CopyFiles */ = {isa = PBXBuildFile; fileRef = 8EA17EAC22F06D2400225714 /* EVSRecognizer.h */; };
		8EA17EB522F143EB00225714 /* EVSBaseProtocolModel.h in CopyFiles */ = {isa = PBXBuildFile; fileRef = 8EA17EB022F1411000225714 /* EVSBaseProtocolModel.h */; };
		8EA17EB722F16BB800225714 /* EvsSDKDelegate.h in CopyFiles */ = {isa = PBXBuildFile; fileRef = 8EA17EB622F16B5100225714 /* EvsSDKDelegate.h */; };
		8EA17EBA22F16D3500225714 /* EVSResponseModel.m in Sources */ = {isa = PBXBuildFile; fileRef = 8EA17EB922F16D3500225714 /* EVSResponseModel.m */; };
		8EA3F2A022FBC1AF00462F57 /* EVSAudioPlayer.m in Sources */ = {isa = PBXBuildFile; fileRef = 8EA3F29F22FBC1AF00462F57 /* EVSAudioPlayer.m */; };
		8EE3597E22E9BAD10087E0F9 /* EVSSqliteManager.m in Sources */ = {isa = PBXBuildFile; fileRef = 8EE3597D22E9BAD10087E0F9 /* EVSSqliteManager.m */; };
		8EE4798A22FD22F500BB5F49 /* EVSSystemStateSync.h in CopyFiles */ = {isa = PBXBuildFile; fileRef = 8E8A778222FD20B000EA1FE0 /* EVSSystemStateSync.h */; };
		8EFC2E8322EAF77400416ADA /* AudioInput.mm in Sources */ = {isa = PBXBuildFile; fileRef = 8EFC2E8222EAF77400416ADA /* AudioInput.mm */; };
		8EFC2E8622EAF77E00416ADA /* AudioOutput.m in Sources */ = {isa = PBXBuildFile; fileRef = 8EFC2E8522EAF77E00416ADA /* AudioOutput.m */; };
		8EFC2E8922EB048800416ADA /* EVSDateUtils.m in Sources */ = {isa = PBXBuildFile; fileRef = 8EFC2E8822EB048800416ADA /* EVSDateUtils.m */; };
		E655522BEB0D83FA117455C6 /* Pods_EvsSDKForiOS.framework in Frameworks */ = {isa = PBXBuildFile; fileRef = 7DFFB96A5A0E0A452FB139AF /* Pods_EvsSDKForiOS.framework */; };
/* End PBXBuildFile section */

/* Begin PBXCopyFilesBuildPhase section */
		8E80435C22E725B90003FA93 /* CopyFiles */ = {
			isa = PBXCopyFilesBuildPhase;
			buildActionMask = 2147483647;
			dstPath = "include/$(PRODUCT_NAME)";
			dstSubfolderSpec = 16;
			files = (
				8EE4798A22FD22F500BB5F49 /* EVSSystemStateSync.h in CopyFiles */,
				8E8A778122FD194C00EA1FE0 /* EVSSystemException.h in CopyFiles */,
				8E45267022FC1A0B008C0AD8 /* EVSAudioPlayerTTS.h in CopyFiles */,
				8E605FC722FBD56A004453D3 /* EVSAudioPlayer.h in CopyFiles */,
				8EA17EB722F16BB800225714 /* EvsSDKDelegate.h in CopyFiles */,
				8EA17EB522F143EB00225714 /* EVSBaseProtocolModel.h in CopyFiles */,
				8EA17EB422F143BE00225714 /* EVSRecognizer.h in CopyFiles */,
				8EA17EB322F1424000225714 /* EVSRequestHeader.h in CopyFiles */,
				8E80436422E725B90003FA93 /* EvsSDKForiOS.h in CopyFiles */,
			);
			runOnlyForDeploymentPostprocessing = 0;
		};
/* End PBXCopyFilesBuildPhase section */

/* Begin PBXFileReference section */
		7DFFB96A5A0E0A452FB139AF /* Pods_EvsSDKForiOS.framework */ = {isa = PBXFileReference; explicitFileType = wrapper.framework; includeInIndex = 0; path = Pods_EvsSDKForiOS.framework; sourceTree = BUILT_PRODUCTS_DIR; };
		8E0510FD22E83F3F002EF76D /* EVS+NSDictionary.h */ = {isa = PBXFileReference; lastKnownFileType = sourcecode.c.h; path = "EVS+NSDictionary.h"; sourceTree = "<group>"; };
		8E0510FE22E83F3F002EF76D /* EVS+NSDictionary.m */ = {isa = PBXFileReference; lastKnownFileType = sourcecode.c.objc; path = "EVS+NSDictionary.m"; sourceTree = "<group>"; };
		8E05110122E8415F002EF76D /* KeychainItemWrapper.m */ = {isa = PBXFileReference; fileEncoding = 4; lastKnownFileType = sourcecode.c.objc; path = KeychainItemWrapper.m; sourceTree = "<group>"; };
		8E05110222E8415F002EF76D /* EVSDeviceInfo.h */ = {isa = PBXFileReference; fileEncoding = 4; lastKnownFileType = sourcecode.c.h; path = EVSDeviceInfo.h; sourceTree = "<group>"; };
		8E05110322E8415F002EF76D /* EVSDeviceInfo.m */ = {isa = PBXFileReference; fileEncoding = 4; lastKnownFileType = sourcecode.c.objc; path = EVSDeviceInfo.m; sourceTree = "<group>"; };
		8E05110422E8415F002EF76D /* KeychainItemWrapper.h */ = {isa = PBXFileReference; fileEncoding = 4; lastKnownFileType = sourcecode.c.h; path = KeychainItemWrapper.h; sourceTree = "<group>"; };
		8E05110722E8483A002EF76D /* EVSApplication.h */ = {isa = PBXFileReference; lastKnownFileType = sourcecode.c.h; path = EVSApplication.h; sourceTree = "<group>"; };
		8E05110822E8483A002EF76D /* EVSApplication.m */ = {isa = PBXFileReference; lastKnownFileType = sourcecode.c.objc; path = EVSApplication.m; sourceTree = "<group>"; };
		8E05110B22E8576C002EF76D /* EVSAuthViewController.h */ = {isa = PBXFileReference; lastKnownFileType = sourcecode.c.h; path = EVSAuthViewController.h; sourceTree = "<group>"; };
		8E05110C22E8576C002EF76D /* EVSAuthViewController.m */ = {isa = PBXFileReference; lastKnownFileType = sourcecode.c.objc; path = EVSAuthViewController.m; sourceTree = "<group>"; };
		8E05110D22E8576C002EF76D /* EVSAuthViewController.xib */ = {isa = PBXFileReference; lastKnownFileType = file.xib; path = EVSAuthViewController.xib; sourceTree = "<group>"; };
		8E05110F22E863DD002EF76D /* EVSColorUtils.h */ = {isa = PBXFileReference; lastKnownFileType = sourcecode.c.h; path = EVSColorUtils.h; sourceTree = "<group>"; };
		8E05111022E863DD002EF76D /* EVSColorUtils.m */ = {isa = PBXFileReference; lastKnownFileType = sourcecode.c.objc; path = EVSColorUtils.m; sourceTree = "<group>"; };
		8E16388D22FD173500C8590C /* EVSSystemException.h */ = {isa = PBXFileReference; lastKnownFileType = sourcecode.c.h; path = EVSSystemException.h; sourceTree = "<group>"; };
		8E16388E22FD173500C8590C /* EVSSystemException.m */ = {isa = PBXFileReference; lastKnownFileType = sourcecode.c.objc; path = EVSSystemException.m; sourceTree = "<group>"; };
		8E367BC8230109A00010B38B /* EVSFocusManager.h */ = {isa = PBXFileReference; lastKnownFileType = sourcecode.c.h; path = EVSFocusManager.h; sourceTree = "<group>"; };
		8E367BC9230109A00010B38B /* EVSFocusManager.m */ = {isa = PBXFileReference; lastKnownFileType = sourcecode.c.objc; path = EVSFocusManager.m; sourceTree = "<group>"; };
		8E42C6CA2315174400CEA156 /* iflytek-wakeup.cpp */ = {isa = PBXFileReference; fileEncoding = 4; lastKnownFileType = sourcecode.cpp.cpp; path = "iflytek-wakeup.cpp"; sourceTree = "<group>"; };
		8E42C6CB2315174500CEA156 /* libw_ivw.a */ = {isa = PBXFileReference; lastKnownFileType = archive.ar; path = libw_ivw.a; sourceTree = "<group>"; };
		8E42C6CC2315174500CEA156 /* ivw_defines.h */ = {isa = PBXFileReference; fileEncoding = 4; lastKnownFileType = sourcecode.c.h; path = ivw_defines.h; sourceTree = "<group>"; };
		8E42C6CD2315174500CEA156 /* iflytek-wakeup.h */ = {isa = PBXFileReference; fileEncoding = 4; lastKnownFileType = sourcecode.c.h; path = "iflytek-wakeup.h"; sourceTree = "<group>"; };
		8E42C6CE2315174500CEA156 /* ivw_demo.h */ = {isa = PBXFileReference; fileEncoding = 4; lastKnownFileType = sourcecode.c.h; path = ivw_demo.h; sourceTree = "<group>"; };
		8E42C6CF2315174500CEA156 /* wivw_api.h */ = {isa = PBXFileReference; fileEncoding = 4; lastKnownFileType = sourcecode.c.h; path = wivw_api.h; sourceTree = "<group>"; };
		8E42C6D02315174500CEA156 /* ivw_type.h */ = {isa = PBXFileReference; fileEncoding = 4; lastKnownFileType = sourcecode.c.h; path = ivw_type.h; sourceTree = "<group>"; };
		8E42C6D12315174500CEA156 /* aes_api.h */ = {isa = PBXFileReference; fileEncoding = 4; lastKnownFileType = sourcecode.c.h; path = aes_api.h; sourceTree = "<group>"; };
		8E42C6D42315175400CEA156 /* libc++.tbd */ = {isa = PBXFileReference; lastKnownFileType = "sourcecode.text-based-dylib-definition"; name = "libc++.tbd"; path = "usr/lib/libc++.tbd"; sourceTree = SDKROOT; };
		8E42C6DE23151AA000CEA156 /* libstdc++.tbd */ = {isa = PBXFileReference; lastKnownFileType = "sourcecode.text-based-dylib-definition"; name = "libstdc++.tbd"; path = "usr/lib/libstdc++.tbd"; sourceTree = SDKROOT; };
		8E45267122FC1DAA008C0AD8 /* EVSSystemManager.h */ = {isa = PBXFileReference; lastKnownFileType = sourcecode.c.h; path = EVSSystemManager.h; sourceTree = "<group>"; };
		8E45267222FC1DAA008C0AD8 /* EVSSystemManager.m */ = {isa = PBXFileReference; lastKnownFileType = sourcecode.c.objc; path = EVSSystemManager.m; sourceTree = "<group>"; };
		8E52547722F174750072FBB1 /* EVS+EVSWebscoketManager.h */ = {isa = PBXFileReference; lastKnownFileType = sourcecode.c.h; path = "EVS+EVSWebscoketManager.h"; sourceTree = "<group>"; };
		8E52547822F174750072FBB1 /* EVS+EVSWebscoketManager.m */ = {isa = PBXFileReference; lastKnownFileType = sourcecode.c.objc; path = "EVS+EVSWebscoketManager.m"; sourceTree = "<group>"; };
		8E52547A22F1A89B0072FBB1 /* AudioOutputQueue.h */ = {isa = PBXFileReference; lastKnownFileType = sourcecode.c.h; path = AudioOutputQueue.h; sourceTree = "<group>"; };
		8E52547B22F1A89B0072FBB1 /* AudioOutputQueue.m */ = {isa = PBXFileReference; lastKnownFileType = sourcecode.c.objc; path = AudioOutputQueue.m; sourceTree = "<group>"; };
		8E52547D22F282330072FBB1 /* EVS+NSDate.h */ = {isa = PBXFileReference; lastKnownFileType = sourcecode.c.h; path = "EVS+NSDate.h"; sourceTree = "<group>"; };
		8E52547E22F282330072FBB1 /* EVS+NSDate.m */ = {isa = PBXFileReference; lastKnownFileType = sourcecode.c.objc; path = "EVS+NSDate.m"; sourceTree = "<group>"; };
		8E52548022F299620072FBB1 /* AudioOutputModel.h */ = {isa = PBXFileReference; lastKnownFileType = sourcecode.c.h; path = AudioOutputModel.h; sourceTree = "<group>"; };
		8E52548122F299620072FBB1 /* AudioOutputModel.m */ = {isa = PBXFileReference; lastKnownFileType = sourcecode.c.objc; path = AudioOutputModel.m; sourceTree = "<group>"; };
		8E5B6E7622FC1690000340E6 /* EVSAudioPlayerTTS.h */ = {isa = PBXFileReference; lastKnownFileType = sourcecode.c.h; path = EVSAudioPlayerTTS.h; sourceTree = "<group>"; };
		8E5B6E7722FC1690000340E6 /* EVSAudioPlayerTTS.m */ = {isa = PBXFileReference; lastKnownFileType = sourcecode.c.objc; path = EVSAudioPlayerTTS.m; sourceTree = "<group>"; };
		8E6B9C8C22F2E9A500FC3D15 /* AudioSessionManager.h */ = {isa = PBXFileReference; lastKnownFileType = sourcecode.c.h; path = AudioSessionManager.h; sourceTree = "<group>"; };
		8E6B9C8D22F2E9A500FC3D15 /* AudioSessionManager.m */ = {isa = PBXFileReference; lastKnownFileType = sourcecode.c.objc; path = AudioSessionManager.m; sourceTree = "<group>"; };
		8E78E22122E7319D00D66258 /* EVSAuthManager.h */ = {isa = PBXFileReference; lastKnownFileType = sourcecode.c.h; path = EVSAuthManager.h; sourceTree = "<group>"; };
		8E78E22222E7319D00D66258 /* EVSAuthManager.m */ = {isa = PBXFileReference; lastKnownFileType = sourcecode.c.objc; path = EVSAuthManager.m; sourceTree = "<group>"; };
		8E78E22522E7348900D66258 /* IFLYOSHTTPRequest.h */ = {isa = PBXFileReference; fileEncoding = 4; lastKnownFileType = sourcecode.c.h; path = IFLYOSHTTPRequest.h; sourceTree = "<group>"; };
		8E78E22622E7348900D66258 /* IFLYOSHTTPRequest.m */ = {isa = PBXFileReference; fileEncoding = 4; lastKnownFileType = sourcecode.c.objc; path = IFLYOSHTTPRequest.m; sourceTree = "<group>"; };
		8E78E22722E7348900D66258 /* IFLYOSDataModel.m */ = {isa = PBXFileReference; fileEncoding = 4; lastKnownFileType = sourcecode.c.objc; path = IFLYOSDataModel.m; sourceTree = "<group>"; };
		8E78E22822E7348900D66258 /* IFLYOSDataModel.h */ = {isa = PBXFileReference; fileEncoding = 4; lastKnownFileType = sourcecode.c.h; path = IFLYOSDataModel.h; sourceTree = "<group>"; };
		8E78E22B22E734D600D66258 /* EVSConfig.h */ = {isa = PBXFileReference; lastKnownFileType = sourcecode.c.h; path = EVSConfig.h; sourceTree = "<group>"; };
		8E78E22C22E734D600D66258 /* EVSConfig.m */ = {isa = PBXFileReference; lastKnownFileType = sourcecode.c.objc; path = EVSConfig.m; sourceTree = "<group>"; };
		8E78E23522E735DF00D66258 /* EVSHeader.h */ = {isa = PBXFileReference; lastKnownFileType = sourcecode.c.h; path = EVSHeader.h; sourceTree = "<group>"; };
		8E78E23822E80A3900D66258 /* EVSAuthModel.h */ = {isa = PBXFileReference; lastKnownFileType = sourcecode.c.h; path = EVSAuthModel.h; sourceTree = "<group>"; };
		8E78E23922E80A3900D66258 /* EVSAuthModel.m */ = {isa = PBXFileReference; lastKnownFileType = sourcecode.c.objc; path = EVSAuthModel.m; sourceTree = "<group>"; };
		8E78E23B22E80CE300D66258 /* EVS+NSData.h */ = {isa = PBXFileReference; lastKnownFileType = sourcecode.c.h; path = "EVS+NSData.h"; sourceTree = "<group>"; };
		8E78E23C22E80CE300D66258 /* EVS+NSData.m */ = {isa = PBXFileReference; lastKnownFileType = sourcecode.c.objc; path = "EVS+NSData.m"; sourceTree = "<group>"; };
		8E7ABE4123041EAE00E90851 /* EVS+EVSFocusManager.h */ = {isa = PBXFileReference; lastKnownFileType = sourcecode.c.h; path = "EVS+EVSFocusManager.h"; sourceTree = "<group>"; };
		8E7ABE4223041EAE00E90851 /* EVS+EVSFocusManager.m */ = {isa = PBXFileReference; lastKnownFileType = sourcecode.c.objc; path = "EVS+EVSFocusManager.m"; sourceTree = "<group>"; };
		8E80435E22E725B90003FA93 /* libEvsSDKForiOS.a */ = {isa = PBXFileReference; explicitFileType = archive.ar; includeInIndex = 0; path = libEvsSDKForiOS.a; sourceTree = BUILT_PRODUCTS_DIR; };
		8E80436122E725B90003FA93 /* EvsSDKForiOS.h */ = {isa = PBXFileReference; lastKnownFileType = sourcecode.c.h; path = EvsSDKForiOS.h; sourceTree = "<group>"; };
		8E80436222E725B90003FA93 /* EvsSDKForiOS.m */ = {isa = PBXFileReference; lastKnownFileType = sourcecode.c.objc; path = EvsSDKForiOS.m; sourceTree = "<group>"; };
		8E80439A22E72B6B0003FA93 /* EVSWebscoketManager.h */ = {isa = PBXFileReference; lastKnownFileType = sourcecode.c.h; path = EVSWebscoketManager.h; sourceTree = "<group>"; };
		8E80439B22E72B6B0003FA93 /* EVSWebscoketManager.m */ = {isa = PBXFileReference; lastKnownFileType = sourcecode.c.objc; path = EVSWebscoketManager.m; sourceTree = "<group>"; };
		8E89B92C22EEE6B7001C183F /* EVSHeaderProtocolModel.h */ = {isa = PBXFileReference; lastKnownFileType = sourcecode.c.h; path = EVSHeaderProtocolModel.h; sourceTree = "<group>"; };
		8E89B92D22EEE6B7001C183F /* EVSHeaderProtocolModel.m */ = {isa = PBXFileReference; lastKnownFileType = sourcecode.c.objc; path = EVSHeaderProtocolModel.m; sourceTree = "<group>"; };
		8E89B92F22EEE6CA001C183F /* EVSContextProtocolModel.h */ = {isa = PBXFileReference; lastKnownFileType = sourcecode.c.h; path = EVSContextProtocolModel.h; sourceTree = "<group>"; };
		8E89B93022EEE6CA001C183F /* EVSContextProtocolModel.m */ = {isa = PBXFileReference; lastKnownFileType = sourcecode.c.objc; path = EVSContextProtocolModel.m; sourceTree = "<group>"; };
		8E89B93222EEF5A3001C183F /* EVSLocationManager.h */ = {isa = PBXFileReference; lastKnownFileType = sourcecode.c.h; path = EVSLocationManager.h; sourceTree = "<group>"; };
		8E89B93322EEF5A3001C183F /* EVSLocationManager.m */ = {isa = PBXFileReference; lastKnownFileType = sourcecode.c.objc; path = EVSLocationManager.m; sourceTree = "<group>"; };
		8E89B93522EEF645001C183F /* CoreLocation.framework */ = {isa = PBXFileReference; lastKnownFileType = wrapper.framework; name = CoreLocation.framework; path = System/Library/Frameworks/CoreLocation.framework; sourceTree = SDKROOT; };
		8E8A778222FD20B000EA1FE0 /* EVSSystemStateSync.h */ = {isa = PBXFileReference; lastKnownFileType = sourcecode.c.h; path = EVSSystemStateSync.h; sourceTree = "<group>"; };
		8E8A778322FD20B000EA1FE0 /* EVSSystemStateSync.m */ = {isa = PBXFileReference; lastKnownFileType = sourcecode.c.objc; path = EVSSystemStateSync.m; sourceTree = "<group>"; };
		8E9ABB0422E8387E005340E6 /* EVS+NSString.h */ = {isa = PBXFileReference; lastKnownFileType = sourcecode.c.h; path = "EVS+NSString.h"; sourceTree = "<group>"; };
		8E9ABB0522E8387E005340E6 /* EVS+NSString.m */ = {isa = PBXFileReference; lastKnownFileType = sourcecode.c.objc; path = "EVS+NSString.m"; sourceTree = "<group>"; };
		8EA17EAC22F06D2400225714 /* EVSRecognizer.h */ = {isa = PBXFileReference; lastKnownFileType = sourcecode.c.h; path = EVSRecognizer.h; sourceTree = "<group>"; };
		8EA17EAD22F06D2400225714 /* EVSRecognizer.m */ = {isa = PBXFileReference; lastKnownFileType = sourcecode.c.objc; path = EVSRecognizer.m; sourceTree = "<group>"; };
		8EA17EAF22F13DD600225714 /* EVSRequestHeader.h */ = {isa = PBXFileReference; lastKnownFileType = sourcecode.c.h; path = EVSRequestHeader.h; sourceTree = "<group>"; };
		8EA17EB022F1411000225714 /* EVSBaseProtocolModel.h */ = {isa = PBXFileReference; lastKnownFileType = sourcecode.c.h; path = EVSBaseProtocolModel.h; sourceTree = "<group>"; };
		8EA17EB122F1411000225714 /* EVSBaseProtocolModel.m */ = {isa = PBXFileReference; lastKnownFileType = sourcecode.c.objc; path = EVSBaseProtocolModel.m; sourceTree = "<group>"; };
		8EA17EB622F16B5100225714 /* EvsSDKDelegate.h */ = {isa = PBXFileReference; lastKnownFileType = sourcecode.c.h; path = EvsSDKDelegate.h; sourceTree = "<group>"; };
		8EA17EB822F16D3500225714 /* EVSResponseModel.h */ = {isa = PBXFileReference; lastKnownFileType = sourcecode.c.h; path = EVSResponseModel.h; sourceTree = "<group>"; };
		8EA17EB922F16D3500225714 /* EVSResponseModel.m */ = {isa = PBXFileReference; lastKnownFileType = sourcecode.c.objc; path = EVSResponseModel.m; sourceTree = "<group>"; };
		8EA3F29E22FBC1AF00462F57 /* EVSAudioPlayer.h */ = {isa = PBXFileReference; lastKnownFileType = sourcecode.c.h; path = EVSAudioPlayer.h; sourceTree = "<group>"; };
		8EA3F29F22FBC1AF00462F57 /* EVSAudioPlayer.m */ = {isa = PBXFileReference; lastKnownFileType = sourcecode.c.objc; path = EVSAudioPlayer.m; sourceTree = "<group>"; };
		8EE3597C22E9BAD10087E0F9 /* EVSSqliteManager.h */ = {isa = PBXFileReference; lastKnownFileType = sourcecode.c.h; path = EVSSqliteManager.h; sourceTree = "<group>"; };
		8EE3597D22E9BAD10087E0F9 /* EVSSqliteManager.m */ = {isa = PBXFileReference; lastKnownFileType = sourcecode.c.objc; path = EVSSqliteManager.m; sourceTree = "<group>"; };
		8EFC2E8122EAF77400416ADA /* AudioInput.h */ = {isa = PBXFileReference; lastKnownFileType = sourcecode.c.h; path = AudioInput.h; sourceTree = "<group>"; };
		8EFC2E8222EAF77400416ADA /* AudioInput.mm */ = {isa = PBXFileReference; lastKnownFileType = sourcecode.cpp.objcpp; path = AudioInput.mm; sourceTree = "<group>"; };
		8EFC2E8422EAF77E00416ADA /* AudioOutput.h */ = {isa = PBXFileReference; lastKnownFileType = sourcecode.c.h; path = AudioOutput.h; sourceTree = "<group>"; };
		8EFC2E8522EAF77E00416ADA /* AudioOutput.m */ = {isa = PBXFileReference; lastKnownFileType = sourcecode.c.objc; path = AudioOutput.m; sourceTree = "<group>"; };
		8EFC2E8722EB048800416ADA /* EVSDateUtils.h */ = {isa = PBXFileReference; lastKnownFileType = sourcecode.c.h; path = EVSDateUtils.h; sourceTree = "<group>"; };
		8EFC2E8822EB048800416ADA /* EVSDateUtils.m */ = {isa = PBXFileReference; lastKnownFileType = sourcecode.c.objc; path = EVSDateUtils.m; sourceTree = "<group>"; };
/* End PBXFileReference section */

/* Begin PBXFrameworksBuildPhase section */
		8E80435B22E725B90003FA93 /* Frameworks */ = {
			isa = PBXFrameworksBuildPhase;
			buildActionMask = 2147483647;
			files = (
				8E89B93622EEF645001C183F /* CoreLocation.framework in Frameworks */,
				8E42C6D32315174500CEA156 /* libw_ivw.a in Frameworks */,
				E655522BEB0D83FA117455C6 /* Pods_EvsSDKForiOS.framework in Frameworks */,
			);
			runOnlyForDeploymentPostprocessing = 0;
		};
/* End PBXFrameworksBuildPhase section */

/* Begin PBXGroup section */
		1B014F71F4A05D3DF1352A72 /* Frameworks */ = {
			isa = PBXGroup;
			children = (
				8E42C6DE23151AA000CEA156 /* libstdc++.tbd */,
				8E42C6D42315175400CEA156 /* libc++.tbd */,
				8E89B93522EEF645001C183F /* CoreLocation.framework */,
				7DFFB96A5A0E0A452FB139AF /* Pods_EvsSDKForiOS.framework */,
			);
			name = Frameworks;
			sourceTree = "<group>";
		};
		8E05110022E84156002EF76D /* device */ = {
			isa = PBXGroup;
			children = (
				8E05110222E8415F002EF76D /* EVSDeviceInfo.h */,
				8E05110322E8415F002EF76D /* EVSDeviceInfo.m */,
				8E05110422E8415F002EF76D /* KeychainItemWrapper.h */,
				8E05110122E8415F002EF76D /* KeychainItemWrapper.m */,
				8E89B93222EEF5A3001C183F /* EVSLocationManager.h */,
				8E89B93322EEF5A3001C183F /* EVSLocationManager.m */,
			);
			path = device;
			sourceTree = "<group>";
		};
		8E42C6C92315173300CEA156 /* wakeup */ = {
			isa = PBXGroup;
			children = (
				8E42C6D12315174500CEA156 /* aes_api.h */,
				8E42C6CA2315174400CEA156 /* iflytek-wakeup.cpp */,
				8E42C6CD2315174500CEA156 /* iflytek-wakeup.h */,
				8E42C6CC2315174500CEA156 /* ivw_defines.h */,
				8E42C6CE2315174500CEA156 /* ivw_demo.h */,
				8E42C6D02315174500CEA156 /* ivw_type.h */,
				8E42C6CB2315174500CEA156 /* libw_ivw.a */,
				8E42C6CF2315174500CEA156 /* wivw_api.h */,
			);
			path = wakeup;
			sourceTree = "<group>";
		};
		8E78E22422E7347E00D66258 /* network */ = {
			isa = PBXGroup;
			children = (
				8E78E22822E7348900D66258 /* IFLYOSDataModel.h */,
				8E78E22722E7348900D66258 /* IFLYOSDataModel.m */,
				8E78E22522E7348900D66258 /* IFLYOSHTTPRequest.h */,
				8E78E22622E7348900D66258 /* IFLYOSHTTPRequest.m */,
			);
			path = network;
			sourceTree = "<group>";
		};
		8E78E22E22E7358E00D66258 /* header */ = {
			isa = PBXGroup;
			children = (
				8E78E23522E735DF00D66258 /* EVSHeader.h */,
				8EA17EAF22F13DD600225714 /* EVSRequestHeader.h */,
			);
			path = header;
			sourceTree = "<group>";
		};
		8E78E23622E7366300D66258 /* utils */ = {
			isa = PBXGroup;
			children = (
				8E05110722E8483A002EF76D /* EVSApplication.h */,
				8E05110822E8483A002EF76D /* EVSApplication.m */,
				8E05110F22E863DD002EF76D /* EVSColorUtils.h */,
				8E05111022E863DD002EF76D /* EVSColorUtils.m */,
				8EFC2E8722EB048800416ADA /* EVSDateUtils.h */,
				8EFC2E8822EB048800416ADA /* EVSDateUtils.m */,
			);
			path = utils;
			sourceTree = "<group>";
		};
		8E78E23722E7366E00D66258 /* category */ = {
			isa = PBXGroup;
			children = (
				8E78E23B22E80CE300D66258 /* EVS+NSData.h */,
				8E78E23C22E80CE300D66258 /* EVS+NSData.m */,
				8E9ABB0422E8387E005340E6 /* EVS+NSString.h */,
				8E9ABB0522E8387E005340E6 /* EVS+NSString.m */,
				8E0510FD22E83F3F002EF76D /* EVS+NSDictionary.h */,
				8E0510FE22E83F3F002EF76D /* EVS+NSDictionary.m */,
				8E52547D22F282330072FBB1 /* EVS+NSDate.h */,
				8E52547E22F282330072FBB1 /* EVS+NSDate.m */,
			);
			path = category;
			sourceTree = "<group>";
		};
		8E80435522E725B90003FA93 = {
			isa = PBXGroup;
			children = (
				8E80436022E725B90003FA93 /* EvsSDKForiOS */,
				8E80435F22E725B90003FA93 /* Products */,
				1B014F71F4A05D3DF1352A72 /* Frameworks */,
			);
			sourceTree = "<group>";
		};
		8E80435F22E725B90003FA93 /* Products */ = {
			isa = PBXGroup;
			children = (
				8E80435E22E725B90003FA93 /* libEvsSDKForiOS.a */,
			);
			name = Products;
			sourceTree = "<group>";
		};
		8E80436022E725B90003FA93 /* EvsSDKForiOS */ = {
			isa = PBXGroup;
			children = (
				8E80439622E726820003FA93 /* common */,
				8EFC2E8D22EEE5DC00416ADA /* protocol */,
				8E80439322E7263E0003FA93 /* websocket */,
				8E80439522E7264F0003FA93 /* focus_manager */,
				8E80439422E726440003FA93 /* auth */,
				8E80439222E726360003FA93 /* system */,
				8E80439122E7262E0003FA93 /* speaker */,
				8E80439022E7261E0003FA93 /* audio_player */,
				8E80438F22E726080003FA93 /* recognizer */,
				8E80436122E725B90003FA93 /* EvsSDKForiOS.h */,
				8E80436222E725B90003FA93 /* EvsSDKForiOS.m */,
				8EA17EB622F16B5100225714 /* EvsSDKDelegate.h */,
			);
			path = EvsSDKForiOS;
			sourceTree = "<group>";
		};
		8E80438F22E726080003FA93 /* recognizer */ = {
			isa = PBXGroup;
			children = (
				8EA17EAC22F06D2400225714 /* EVSRecognizer.h */,
				8EA17EAD22F06D2400225714 /* EVSRecognizer.m */,
			);
			path = recognizer;
			sourceTree = "<group>";
		};
		8E80439022E7261E0003FA93 /* audio_player */ = {
			isa = PBXGroup;
			children = (
				8EA3F29E22FBC1AF00462F57 /* EVSAudioPlayer.h */,
				8EA3F29F22FBC1AF00462F57 /* EVSAudioPlayer.m */,
				8E5B6E7622FC1690000340E6 /* EVSAudioPlayerTTS.h */,
				8E5B6E7722FC1690000340E6 /* EVSAudioPlayerTTS.m */,
			);
			path = audio_player;
			sourceTree = "<group>";
		};
		8E80439122E7262E0003FA93 /* speaker */ = {
			isa = PBXGroup;
			children = (
			);
			path = speaker;
			sourceTree = "<group>";
		};
		8E80439222E726360003FA93 /* system */ = {
			isa = PBXGroup;
			children = (
				8E45267122FC1DAA008C0AD8 /* EVSSystemManager.h */,
				8E45267222FC1DAA008C0AD8 /* EVSSystemManager.m */,
				8E16388D22FD173500C8590C /* EVSSystemException.h */,
				8E16388E22FD173500C8590C /* EVSSystemException.m */,
				8E8A778222FD20B000EA1FE0 /* EVSSystemStateSync.h */,
				8E8A778322FD20B000EA1FE0 /* EVSSystemStateSync.m */,
			);
			path = system;
			sourceTree = "<group>";
		};
		8E80439322E7263E0003FA93 /* websocket */ = {
			isa = PBXGroup;
			children = (
				8E52547722F174750072FBB1 /* EVS+EVSWebscoketManager.h */,
				8E52547822F174750072FBB1 /* EVS+EVSWebscoketManager.m */,
				8E80439A22E72B6B0003FA93 /* EVSWebscoketManager.h */,
				8E80439B22E72B6B0003FA93 /* EVSWebscoketManager.m */,
			);
			path = websocket;
			sourceTree = "<group>";
		};
		8E80439422E726440003FA93 /* auth */ = {
			isa = PBXGroup;
			children = (
				8E78E22122E7319D00D66258 /* EVSAuthManager.h */,
				8E78E22222E7319D00D66258 /* EVSAuthManager.m */,
				8E78E23822E80A3900D66258 /* EVSAuthModel.h */,
				8E78E23922E80A3900D66258 /* EVSAuthModel.m */,
				8E05110B22E8576C002EF76D /* EVSAuthViewController.h */,
				8E05110C22E8576C002EF76D /* EVSAuthViewController.m */,
				8E05110D22E8576C002EF76D /* EVSAuthViewController.xib */,
			);
			path = auth;
			sourceTree = "<group>";
		};
		8E80439522E7264F0003FA93 /* focus_manager */ = {
			isa = PBXGroup;
			children = (
				8E367BC8230109A00010B38B /* EVSFocusManager.h */,
				8E367BC9230109A00010B38B /* EVSFocusManager.m */,
				8E7ABE4123041EAE00E90851 /* EVS+EVSFocusManager.h */,
				8E7ABE4223041EAE00E90851 /* EVS+EVSFocusManager.m */,
			);
			path = focus_manager;
			sourceTree = "<group>";
		};
		8E80439622E726820003FA93 /* common */ = {
			isa = PBXGroup;
			children = (
				8E42C6C92315173300CEA156 /* wakeup */,
				8EFC2E8022EAF6E400416ADA /* media_player */,
				8EE3597B22E9BAB80087E0F9 /* sqlite */,
				8E05110022E84156002EF76D /* device */,
				8E78E23722E7366E00D66258 /* category */,
				8E78E23622E7366300D66258 /* utils */,
				8E78E22E22E7358E00D66258 /* header */,
				8E78E22422E7347E00D66258 /* network */,
				8E78E22B22E734D600D66258 /* EVSConfig.h */,
				8E78E22C22E734D600D66258 /* EVSConfig.m */,
			);
			path = common;
			sourceTree = "<group>";
		};
		8EE3597B22E9BAB80087E0F9 /* sqlite */ = {
			isa = PBXGroup;
			children = (
				8EE3597C22E9BAD10087E0F9 /* EVSSqliteManager.h */,
				8EE3597D22E9BAD10087E0F9 /* EVSSqliteManager.m */,
			);
			path = sqlite;
			sourceTree = "<group>";
		};
		8EFC2E8022EAF6E400416ADA /* media_player */ = {
			isa = PBXGroup;
			children = (
				8EFC2E8122EAF77400416ADA /* AudioInput.h */,
				8EFC2E8222EAF77400416ADA /* AudioInput.mm */,
				8EFC2E8422EAF77E00416ADA /* AudioOutput.h */,
				8EFC2E8522EAF77E00416ADA /* AudioOutput.m */,
				8E52547A22F1A89B0072FBB1 /* AudioOutputQueue.h */,
				8E52547B22F1A89B0072FBB1 /* AudioOutputQueue.m */,
				8E52548022F299620072FBB1 /* AudioOutputModel.h */,
				8E52548122F299620072FBB1 /* AudioOutputModel.m */,
				8E6B9C8C22F2E9A500FC3D15 /* AudioSessionManager.h */,
				8E6B9C8D22F2E9A500FC3D15 /* AudioSessionManager.m */,
			);
			path = media_player;
			sourceTree = "<group>";
		};
		8EFC2E8D22EEE5DC00416ADA /* protocol */ = {
			isa = PBXGroup;
			children = (
				8E89B92C22EEE6B7001C183F /* EVSHeaderProtocolModel.h */,
				8E89B92D22EEE6B7001C183F /* EVSHeaderProtocolModel.m */,
				8E89B92F22EEE6CA001C183F /* EVSContextProtocolModel.h */,
				8E89B93022EEE6CA001C183F /* EVSContextProtocolModel.m */,
				8EA17EB022F1411000225714 /* EVSBaseProtocolModel.h */,
				8EA17EB122F1411000225714 /* EVSBaseProtocolModel.m */,
				8EA17EB822F16D3500225714 /* EVSResponseModel.h */,
				8EA17EB922F16D3500225714 /* EVSResponseModel.m */,
			);
			path = protocol;
			sourceTree = "<group>";
		};
/* End PBXGroup section */

/* Begin PBXNativeTarget section */
		8E80435D22E725B90003FA93 /* EvsSDKForiOS */ = {
			isa = PBXNativeTarget;
			buildConfigurationList = 8E80436722E725B90003FA93 /* Build configuration list for PBXNativeTarget "EvsSDKForiOS" */;
			buildPhases = (
				A2EC1118446540F8B4A8D7D0 /* [CP] Check Pods Manifest.lock */,
				8E80435A22E725B90003FA93 /* Sources */,
				8E80435B22E725B90003FA93 /* Frameworks */,
				8E80435C22E725B90003FA93 /* CopyFiles */,
			);
			buildRules = (
			);
			dependencies = (
			);
			name = EvsSDKForiOS;
			productName = EvsSDKForiOS;
			productReference = 8E80435E22E725B90003FA93 /* libEvsSDKForiOS.a */;
			productType = "com.apple.product-type.library.static";
		};
/* End PBXNativeTarget section */

/* Begin PBXProject section */
		8E80435622E725B90003FA93 /* Project object */ = {
			isa = PBXProject;
			attributes = {
				LastUpgradeCheck = 1020;
				ORGANIZATIONNAME = iflytek;
				TargetAttributes = {
					8E80435D22E725B90003FA93 = {
						CreatedOnToolsVersion = 10.2.1;
					};
					8EE9CE902302A873000A5FB7 = {
						CreatedOnToolsVersion = 10.2.1;
					};
				};
			};
			buildConfigurationList = 8E80435922E725B90003FA93 /* Build configuration list for PBXProject "EvsSDKForiOS" */;
			compatibilityVersion = "Xcode 9.3";
			developmentRegion = en;
			hasScannedForEncodings = 0;
			knownRegions = (
				en,
			);
			mainGroup = 8E80435522E725B90003FA93;
			productRefGroup = 8E80435F22E725B90003FA93 /* Products */;
			projectDirPath = "";
			projectRoot = "";
			targets = (
				8E80435D22E725B90003FA93 /* EvsSDKForiOS */,
				8EE9CE902302A873000A5FB7 /* EvsSDKLipo */,
			);
		};
/* End PBXProject section */

/* Begin PBXShellScriptBuildPhase section */
		8EE9CE942302A8A7000A5FB7 /* ShellScript */ = {
			isa = PBXShellScriptBuildPhase;
			buildActionMask = 2147483647;
			files = (
			);
			inputFileListPaths = (
			);
			inputPaths = (
			);
			outputFileListPaths = (
			);
			outputPaths = (
			);
			runOnlyForDeploymentPostprocessing = 0;
			shellPath = /bin/sh;
			shellScript = "# Type a script or drag a script file from your workspace to insert its path.\nLIB_TARGET_NAME=${PROJECT_NAME}\necho \"project name : \"+${LIB_TARGET_NAME}\n\nUNIVERSAL_OUTPUTFOLDER=${BUILD_DIR}/${CONFIGURATION}-merge\necho \"merge path : \"+${UNIVERSAL_OUTPUTFOLDER}\n\n\necho \"DATE :\"+$(date +\"%y%m%d\")\necho \"BRANCH_NAME :\"+$BRANCH_NAME\necho \"SHA:\"+$CI_COMMIT_SHA\nOUTPUT_DIR=$ARCHIVE_PATH$(date +\"%y%m%d\")/$BRANCH_NAME-${CI_COMMIT_SHA:0:8}/build/Debug/lib\necho \"SDK_OUTPUT_DIR path :\"+$OUTPUT_DIR\n\n\nmkdir -p ${UNIVERSAL_OUTPUTFOLDER}\nmkdir -p ${OUTPUT_DIR}\nlipo -create \"${BUILD_DIR}/${CONFIGURATION}-iphoneos/lib${PROJECT_NAME}.a\" \"${BUILD_DIR}/${CONFIGURATION}-iphonesimulator/lib${PROJECT_NAME}.a\" -output \"${OUTPUT_DIR}/lib${PROJECT_NAME}.a\"\n\necho \"output dir : \"+${OUTPUT_DIR}\ncp -v -f -R \"${BUILD_DIR}/${CONFIGURATION}-iphoneos/include\" \"${OUTPUT_DIR}\"\n";
		};
		A2EC1118446540F8B4A8D7D0 /* [CP] Check Pods Manifest.lock */ = {
			isa = PBXShellScriptBuildPhase;
			buildActionMask = 2147483647;
			files = (
			);
			inputFileListPaths = (
			);
			inputPaths = (
				"${PODS_PODFILE_DIR_PATH}/Podfile.lock",
				"${PODS_ROOT}/Manifest.lock",
			);
			name = "[CP] Check Pods Manifest.lock";
			outputFileListPaths = (
			);
			outputPaths = (
				"$(DERIVED_FILE_DIR)/Pods-EvsSDKForiOS-checkManifestLockResult.txt",
			);
			runOnlyForDeploymentPostprocessing = 0;
			shellPath = /bin/sh;
			shellScript = "diff \"${PODS_PODFILE_DIR_PATH}/Podfile.lock\" \"${PODS_ROOT}/Manifest.lock\" > /dev/null\nif [ $? != 0 ] ; then\n    # print error to STDERR\n    echo \"error: The sandbox is not in sync with the Podfile.lock. Run 'pod install' or update your CocoaPods installation.\" >&2\n    exit 1\nfi\n# This output is used by Xcode 'outputs' to avoid re-running this script phase.\necho \"SUCCESS\" > \"${SCRIPT_OUTPUT_FILE_0}\"\n";
			showEnvVarsInLog = 0;
		};
/* End PBXShellScriptBuildPhase section */

/* Begin PBXSourcesBuildPhase section */
		8E80435A22E725B90003FA93 /* Sources */ = {
			isa = PBXSourcesBuildPhase;
			buildActionMask = 2147483647;
			files = (
				8E78E22322E7319E00D66258 /* EVSAuthManager.m in Sources */,
				8E45267322FC1DAA008C0AD8 /* EVSSystemManager.m in Sources */,
				8E7ABE4323041EAE00E90851 /* EVS+EVSFocusManager.m in Sources */,
				8E78E22922E7348900D66258 /* IFLYOSHTTPRequest.m in Sources */,
				8E52547C22F1A89B0072FBB1 /* AudioOutputQueue.m in Sources */,
				8E52547F22F282330072FBB1 /* EVS+NSDate.m in Sources */,
				8EA3F2A022FBC1AF00462F57 /* EVSAudioPlayer.m in Sources */,
				8E80439C22E72B6B0003FA93 /* EVSWebscoketManager.m in Sources */,
				8E52547922F174750072FBB1 /* EVS+EVSWebscoketManager.m in Sources */,
				8E05111122E863DD002EF76D /* EVSColorUtils.m in Sources */,
				8E05110622E8415F002EF76D /* EVSDeviceInfo.m in Sources */,
				8EA17EB222F1411000225714 /* EVSBaseProtocolModel.m in Sources */,
				8E89B93122EEE6CA001C183F /* EVSContextProtocolModel.m in Sources */,
				8E9ABB0622E8387E005340E6 /* EVS+NSString.m in Sources */,
				8E78E23D22E80CE300D66258 /* EVS+NSData.m in Sources */,
				8E89B92E22EEE6B7001C183F /* EVSHeaderProtocolModel.m in Sources */,
				8EFC2E8922EB048800416ADA /* EVSDateUtils.m in Sources */,
				8E42C6D22315174500CEA156 /* iflytek-wakeup.cpp in Sources */,
				8E78E22A22E7348900D66258 /* IFLYOSDataModel.m in Sources */,
				8EE3597E22E9BAD10087E0F9 /* EVSSqliteManager.m in Sources */,
				8E05110E22E8576C002EF76D /* EVSAuthViewController.m in Sources */,
				8E6B9C8E22F2E9A500FC3D15 /* AudioSessionManager.m in Sources */,
				8E05110522E8415F002EF76D /* KeychainItemWrapper.m in Sources */,
				8E78E22D22E734D600D66258 /* EVSConfig.m in Sources */,
				8EFC2E8322EAF77400416ADA /* AudioInput.mm in Sources */,
				8E5B6E7822FC1690000340E6 /* EVSAudioPlayerTTS.m in Sources */,
				8EFC2E8622EAF77E00416ADA /* AudioOutput.m in Sources */,
				8E367BCA230109A00010B38B /* EVSFocusManager.m in Sources */,
				8E16388F22FD173500C8590C /* EVSSystemException.m in Sources */,
				8E89B93422EEF5A3001C183F /* EVSLocationManager.m in Sources */,
				8E0510FF22E83F3F002EF76D /* EVS+NSDictionary.m in Sources */,
				8E78E23A22E80A3900D66258 /* EVSAuthModel.m in Sources */,
				8EA17EBA22F16D3500225714 /* EVSResponseModel.m in Sources */,
				8E80436322E725B90003FA93 /* EvsSDKForiOS.m in Sources */,
				8E52548222F299620072FBB1 /* AudioOutputModel.m in Sources */,
				8E05110922E8483A002EF76D /* EVSApplication.m in Sources */,
				8EA17EAE22F06D2400225714 /* EVSRecognizer.m in Sources */,
				8E8A778422FD20B000EA1FE0 /* EVSSystemStateSync.m in Sources */,
			);
			runOnlyForDeploymentPostprocessing = 0;
		};
/* End PBXSourcesBuildPhase section */

/* Begin XCBuildConfiguration section */
		8E80436522E725B90003FA93 /* Debug */ = {
			isa = XCBuildConfiguration;
			buildSettings = {
				ALWAYS_SEARCH_USER_PATHS = NO;
				CLANG_ANALYZER_NONNULL = YES;
				CLANG_ANALYZER_NUMBER_OBJECT_CONVERSION = YES_AGGRESSIVE;
				CLANG_CXX_LANGUAGE_STANDARD = "gnu++14";
				CLANG_CXX_LIBRARY = "libc++";
				CLANG_ENABLE_MODULES = YES;
				CLANG_ENABLE_OBJC_ARC = YES;
				CLANG_ENABLE_OBJC_WEAK = YES;
				CLANG_WARN_BLOCK_CAPTURE_AUTORELEASING = YES;
				CLANG_WARN_BOOL_CONVERSION = YES;
				CLANG_WARN_COMMA = YES;
				CLANG_WARN_CONSTANT_CONVERSION = YES;
				CLANG_WARN_DEPRECATED_OBJC_IMPLEMENTATIONS = YES;
				CLANG_WARN_DIRECT_OBJC_ISA_USAGE = YES_ERROR;
				CLANG_WARN_DOCUMENTATION_COMMENTS = YES;
				CLANG_WARN_EMPTY_BODY = YES;
				CLANG_WARN_ENUM_CONVERSION = YES;
				CLANG_WARN_INFINITE_RECURSION = YES;
				CLANG_WARN_INT_CONVERSION = YES;
				CLANG_WARN_NON_LITERAL_NULL_CONVERSION = YES;
				CLANG_WARN_OBJC_IMPLICIT_RETAIN_SELF = YES;
				CLANG_WARN_OBJC_LITERAL_CONVERSION = YES;
				CLANG_WARN_OBJC_ROOT_CLASS = YES_ERROR;
				CLANG_WARN_RANGE_LOOP_ANALYSIS = YES;
				CLANG_WARN_STRICT_PROTOTYPES = YES;
				CLANG_WARN_SUSPICIOUS_MOVE = YES;
				CLANG_WARN_UNGUARDED_AVAILABILITY = YES_AGGRESSIVE;
				CLANG_WARN_UNREACHABLE_CODE = YES;
				CLANG_WARN__DUPLICATE_METHOD_MATCH = YES;
				CODE_SIGN_IDENTITY = "iPhone Developer";
				COPY_PHASE_STRIP = NO;
				DEBUG_INFORMATION_FORMAT = dwarf;
				ENABLE_STRICT_OBJC_MSGSEND = YES;
				ENABLE_TESTABILITY = YES;
				GCC_C_LANGUAGE_STANDARD = gnu11;
				GCC_DYNAMIC_NO_PIC = NO;
				GCC_NO_COMMON_BLOCKS = YES;
				GCC_OPTIMIZATION_LEVEL = 0;
				GCC_PREPROCESSOR_DEFINITIONS = (
					"DEBUG=1",
					"$(inherited)",
				);
				GCC_WARN_64_TO_32_BIT_CONVERSION = YES;
				GCC_WARN_ABOUT_RETURN_TYPE = YES_ERROR;
				GCC_WARN_UNDECLARED_SELECTOR = YES;
				GCC_WARN_UNINITIALIZED_AUTOS = YES_AGGRESSIVE;
				GCC_WARN_UNUSED_FUNCTION = YES;
				GCC_WARN_UNUSED_VARIABLE = YES;
				IPHONEOS_DEPLOYMENT_TARGET = 12.2;
				MTL_ENABLE_DEBUG_INFO = INCLUDE_SOURCE;
				MTL_FAST_MATH = YES;
				ONLY_ACTIVE_ARCH = YES;
				SDKROOT = iphoneos;
			};
			name = Debug;
		};
		8E80436622E725B90003FA93 /* Release */ = {
			isa = XCBuildConfiguration;
			buildSettings = {
				ALWAYS_SEARCH_USER_PATHS = NO;
				CLANG_ANALYZER_NONNULL = YES;
				CLANG_ANALYZER_NUMBER_OBJECT_CONVERSION = YES_AGGRESSIVE;
				CLANG_CXX_LANGUAGE_STANDARD = "gnu++14";
				CLANG_CXX_LIBRARY = "libc++";
				CLANG_ENABLE_MODULES = YES;
				CLANG_ENABLE_OBJC_ARC = YES;
				CLANG_ENABLE_OBJC_WEAK = YES;
				CLANG_WARN_BLOCK_CAPTURE_AUTORELEASING = YES;
				CLANG_WARN_BOOL_CONVERSION = YES;
				CLANG_WARN_COMMA = YES;
				CLANG_WARN_CONSTANT_CONVERSION = YES;
				CLANG_WARN_DEPRECATED_OBJC_IMPLEMENTATIONS = YES;
				CLANG_WARN_DIRECT_OBJC_ISA_USAGE = YES_ERROR;
				CLANG_WARN_DOCUMENTATION_COMMENTS = YES;
				CLANG_WARN_EMPTY_BODY = YES;
				CLANG_WARN_ENUM_CONVERSION = YES;
				CLANG_WARN_INFINITE_RECURSION = YES;
				CLANG_WARN_INT_CONVERSION = YES;
				CLANG_WARN_NON_LITERAL_NULL_CONVERSION = YES;
				CLANG_WARN_OBJC_IMPLICIT_RETAIN_SELF = YES;
				CLANG_WARN_OBJC_LITERAL_CONVERSION = YES;
				CLANG_WARN_OBJC_ROOT_CLASS = YES_ERROR;
				CLANG_WARN_RANGE_LOOP_ANALYSIS = YES;
				CLANG_WARN_STRICT_PROTOTYPES = YES;
				CLANG_WARN_SUSPICIOUS_MOVE = YES;
				CLANG_WARN_UNGUARDED_AVAILABILITY = YES_AGGRESSIVE;
				CLANG_WARN_UNREACHABLE_CODE = YES;
				CLANG_WARN__DUPLICATE_METHOD_MATCH = YES;
				CODE_SIGN_IDENTITY = "iPhone Developer";
				COPY_PHASE_STRIP = NO;
				DEBUG_INFORMATION_FORMAT = "dwarf-with-dsym";
				ENABLE_NS_ASSERTIONS = NO;
				ENABLE_STRICT_OBJC_MSGSEND = YES;
				GCC_C_LANGUAGE_STANDARD = gnu11;
				GCC_NO_COMMON_BLOCKS = YES;
				GCC_WARN_64_TO_32_BIT_CONVERSION = YES;
				GCC_WARN_ABOUT_RETURN_TYPE = YES_ERROR;
				GCC_WARN_UNDECLARED_SELECTOR = YES;
				GCC_WARN_UNINITIALIZED_AUTOS = YES_AGGRESSIVE;
				GCC_WARN_UNUSED_FUNCTION = YES;
				GCC_WARN_UNUSED_VARIABLE = YES;
				IPHONEOS_DEPLOYMENT_TARGET = 12.2;
				MTL_ENABLE_DEBUG_INFO = NO;
				MTL_FAST_MATH = YES;
				SDKROOT = iphoneos;
				VALIDATE_PRODUCT = YES;
			};
			name = Release;
		};
		8E80436822E725B90003FA93 /* Debug */ = {
			isa = XCBuildConfiguration;
			buildSettings = {
				ARCHS = (
					"$(ARCHS_STANDARD)",
					arm64,
					armv7s,
					armv7,
				);
				CODE_SIGN_STYLE = Automatic;
				DEVELOPMENT_TEAM = 957FJVBDCZ;
				ENABLE_BITCODE = NO;
				HEADER_SEARCH_PATHS = (
					"$(inherited)",
					"\"${PODS_CONFIGURATION_BUILD_DIR}/AFNetworking/AFNetworking.framework/Headers\"",
					"\"${PODS_CONFIGURATION_BUILD_DIR}/FMDB/FMDB.framework/Headers\"",
					"\"${PODS_CONFIGURATION_BUILD_DIR}/MJExtension/MJExtension.framework/Headers\"",
					"\"${PODS_CONFIGURATION_BUILD_DIR}/SocketRocket/SocketRocket.framework/Headers\"",
					"\"${PODS_CONFIGURATION_BUILD_DIR}/WebViewJavascriptBridge/WebViewJavascriptBridge.framework/Headers\"",
					"\"$(SRCROOT)/EvsSDKForiOS/common/wakeup\"",
				);
				IPHONEOS_DEPLOYMENT_TARGET = 10.1;
				LIBRARY_SEARCH_PATHS = (
					"$(inherited)",
					"$(PROJECT_DIR)/EvsSDKForiOS/common/wakeup",
				);
				ONLY_ACTIVE_ARCH = NO;
				OTHER_LDFLAGS = "-ObjC";
				PRODUCT_NAME = "$(TARGET_NAME)";
				SKIP_INSTALL = YES;
				TARGETED_DEVICE_FAMILY = "1,2";
				VALID_ARCHS = "arm64 armv7 armv7s";
			};
			name = Debug;
		};
		8E80436922E725B90003FA93 /* Release */ = {
			isa = XCBuildConfiguration;
			buildSettings = {
				ARCHS = (
					"$(ARCHS_STANDARD)",
					arm64,
					armv7s,
					armv7,
				);
				CODE_SIGN_STYLE = Automatic;
				DEVELOPMENT_TEAM = 957FJVBDCZ;
				ENABLE_BITCODE = NO;
				HEADER_SEARCH_PATHS = (
					"$(inherited)",
					"\"${PODS_CONFIGURATION_BUILD_DIR}/AFNetworking/AFNetworking.framework/Headers\"",
					"\"${PODS_CONFIGURATION_BUILD_DIR}/FMDB/FMDB.framework/Headers\"",
					"\"${PODS_CONFIGURATION_BUILD_DIR}/MJExtension/MJExtension.framework/Headers\"",
					"\"${PODS_CONFIGURATION_BUILD_DIR}/SocketRocket/SocketRocket.framework/Headers\"",
					"\"${PODS_CONFIGURATION_BUILD_DIR}/WebViewJavascriptBridge/WebViewJavascriptBridge.framework/Headers\"",
					"\"$(SRCROOT)/EvsSDKForiOS/common/wakeup\"",
				);
				IPHONEOS_DEPLOYMENT_TARGET = 10.1;
				LIBRARY_SEARCH_PATHS = (
					"$(inherited)",
					"$(PROJECT_DIR)/EvsSDKForiOS/common/wakeup",
				);
				ONLY_ACTIVE_ARCH = NO;
				OTHER_LDFLAGS = "-ObjC";
				PRODUCT_NAME = "$(TARGET_NAME)";
				SKIP_INSTALL = YES;
				TARGETED_DEVICE_FAMILY = "1,2";
				VALID_ARCHS = "arm64 armv7 armv7s";
			};
			name = Release;
		};
		8EE9CE912302A873000A5FB7 /* Debug */ = {
			isa = XCBuildConfiguration;
			buildSettings = {
				CODE_SIGN_STYLE = Automatic;
				DEVELOPMENT_TEAM = 957FJVBDCZ;
				PRODUCT_NAME = "$(TARGET_NAME)";
			};
			name = Debug;
		};
		8EE9CE922302A873000A5FB7 /* Release */ = {
			isa = XCBuildConfiguration;
			buildSettings = {
				CODE_SIGN_STYLE = Automatic;
				DEVELOPMENT_TEAM = 957FJVBDCZ;
				PRODUCT_NAME = "$(TARGET_NAME)";
			};
			name = Release;
		};
/* End XCBuildConfiguration section */

/* Begin XCConfigurationList section */
		8E80435922E725B90003FA93 /* Build configuration list for PBXProject "EvsSDKForiOS" */ = {
			isa = XCConfigurationList;
			buildConfigurations = (
				8E80436522E725B90003FA93 /* Debug */,
				8E80436622E725B90003FA93 /* Release */,
			);
			defaultConfigurationIsVisible = 0;
			defaultConfigurationName = Release;
		};
		8E80436722E725B90003FA93 /* Build configuration list for PBXNativeTarget "EvsSDKForiOS" */ = {
			isa = XCConfigurationList;
			buildConfigurations = (
				8E80436822E725B90003FA93 /* Debug */,
				8E80436922E725B90003FA93 /* Release */,
			);
			defaultConfigurationIsVisible = 0;
			defaultConfigurationName = Release;
		};
		8EE9CE932302A873000A5FB7 /* Build configuration list for PBXAggregateTarget "EvsSDKLipo" */ = {
			isa = XCConfigurationList;
			buildConfigurations = (
				8EE9CE912302A873000A5FB7 /* Debug */,
				8EE9CE922302A873000A5FB7 /* Release */,
			);
			defaultConfigurationIsVisible = 0;
			defaultConfigurationName = Release;
		};
/* End XCConfigurationList section */
	};
	rootObject = 8E80435622E725B90003FA93 /* Project object */;
}
